
Microsoft Visual Studio Solution File, Format Version 12.00
# Visual Studio Version 17
VisualStudioVersion = 17.3.32901.215
MinimumVisualStudioVersion = 10.0.40219.1
Project("{FAE04EC0-301F-11D3-BF4B-00C04F79EFBC}") = "indirim-satiş", "indirim-satiş\indirim-satiş.csproj", "{350963C0-807D-4AF3-A135-EFB5862D2F9E}"
EndProject
Global
	GlobalSection(SolutionConfigurationPlatforms) = preSolution
		Debug|Any CPU = Debug|Any CPU
		Release|Any CPU = Release|Any CPU
	EndGlobalSection
	GlobalSection(ProjectConfigurationPlatforms) = postSolution
		{350963C0-807D-4AF3-A135-EFB5862D2F9E}.Debug|Any CPU.ActiveCfg = Debug|Any CPU
		{350963C0-807D-4AF3-A135-EFB5862D2F9E}.Debug|Any CPU.Build.0 = Debug|Any CPU
		{350963C0-807D-4AF3-A135-EFB5862D2F9E}.Release|Any CPU.ActiveCfg = Release|Any CPU
		{350963C0-807D-4AF3-A135-EFB5862D2F9E}.Release|Any CPU.Build.0 = Release|Any CPU
	EndGlobalSection
	GlobalSection(SolutionProperties) = preSolution
		HideSolutionNode = FALSE
	EndGlobalSection
	GlobalSection(ExtensibilityGlobals) = postSolution
		SolutionGuid = {9A28D875-0E2C-4C5F-AC8A-27FD721EC162}
	EndGlobalSection
EndGlobal
